{
  "version": "2",
  "remote": {
    "https://deno.land/x/dotenv@v3.2.0/mod.ts": "077b48773de9205266a0b44c3c3a3c3083449ed64bb0b6cc461b95720678d38e",
    "https://deno.land/x/dotenv@v3.2.0/util.ts": "693730877b13f8ead2b79b2aa31e2a0652862f7dc0c5f6d2f313f4d39c7b7670"
  },
  "npm": {
    "specifiers": {
      "mendixmodelsdk@4.69.0": "mendixmodelsdk@4.69.0",
      "mendixplatformsdk@5.1.1": "mendixplatformsdk@5.1.1"
    },
    "packages": {
      "@sindresorhus/is@4.6.0": {
        "integrity": "sha512-t09vSN3MdfsyCHoFcTRCH/iUtG7OJ0CsjzB8cjAmKc/va/kIgeDI/TxsigdncE/4be734m0cvIYwNaV4i2XqAw==",
        "dependencies": {}
      },
      "@szmarczak/http-timer@4.0.6": {
        "integrity": "sha512-4BAffykYOgO+5nzBWYwE3W90sBgLJoUPRWWcL8wlyiM8IB8ipJz3UMJ9KXQd1RKQXpKp8Tutn80HZtWsu2u76w==",
        "dependencies": { "defer-to-connect": "defer-to-connect@2.0.1" }
      },
      "@types/cacheable-request@6.0.3": {
        "integrity": "sha512-IQ3EbTzGxIigb1I3qPZc1rWJnH0BmSKv5QYTalEwweFvyBDLSAe24zP0le/hyi7ecGfZVlIVAg4BZqb8WBwKqw==",
        "dependencies": {
          "@types/http-cache-semantics": "@types/http-cache-semantics@4.0.1",
          "@types/keyv": "@types/keyv@3.1.4",
          "@types/node": "@types/node@18.11.10",
          "@types/responselike": "@types/responselike@1.0.0"
        }
      },
      "@types/eventsource@1.1.10": {
        "integrity": "sha512-rYzRmJSnm44Xb7FICRXEjwe/26ZiiS+VMGmuD17PevMP56cGgLEsaM955sYQW0S+K7h+mPOL70vGf1hi4WDjVA==",
        "dependencies": {}
      },
      "@types/http-cache-semantics@4.0.1": {
        "integrity": "sha512-SZs7ekbP8CN0txVG2xVRH6EgKmEm31BOxA07vkFaETzZz1xh+cbt8BcI0slpymvwhx5dlFnQG2rTlPVQn+iRPQ==",
        "dependencies": {}
      },
      "@types/keyv@3.1.4": {
        "integrity": "sha512-BQ5aZNSCpj7D6K2ksrRCTmKRLEpnPvWDiLPfoGyhZ++8YtiK9d/3DBKPJgry359X/P1PfruyYwvnvwFjuEiEIg==",
        "dependencies": { "@types/node": "@types/node@18.11.10" }
      },
      "@types/node@18.11.10": {
        "integrity": "sha512-juG3RWMBOqcOuXC643OAdSA525V44cVgGV6dUDuiFtss+8Fk5x1hI93Rsld43VeJVIeqlP9I7Fn9/qaVqoEAuQ==",
        "dependencies": {}
      },
      "@types/responselike@1.0.0": {
        "integrity": "sha512-85Y2BjiufFzaMIlvJDvTTB8Fxl2xfLo4HgmHzVBz08w4wDePCTjYw66PdrolO0kzli3yam/YCgRufyo1DdQVTA==",
        "dependencies": { "@types/node": "@types/node@18.11.10" }
      },
      "asynckit@0.4.0": {
        "integrity": "sha512-Oei9OH4tRh0YqU3GxhX79dM/mwVgvbZJaSNaRk+bshkj0S5cfHcgYakreBjrHwatXKbz+IoIdYLxrKim2MjW0Q==",
        "dependencies": {}
      },
      "cacheable-lookup@5.0.4": {
        "integrity": "sha512-2/kNscPhpcxrOigMZzbiWF7dz8ilhb/nIHU3EyZiXWXpeq/au8qJ8VhdftMkty3n7Gj6HIGalQG8oiBNB3AJgA==",
        "dependencies": {}
      },
      "cacheable-request@7.0.2": {
        "integrity": "sha512-pouW8/FmiPQbuGpkXQ9BAPv/Mo5xDGANgSNXzTzJ8DrKGuXOssM4wIQRjfanNRh3Yu5cfYPvcorqbhg2KIJtew==",
        "dependencies": {
          "clone-response": "clone-response@1.0.3",
          "get-stream": "get-stream@5.2.0",
          "http-cache-semantics": "http-cache-semantics@4.1.0",
          "keyv": "keyv@4.5.2",
          "lowercase-keys": "lowercase-keys@2.0.0",
          "normalize-url": "normalize-url@6.1.0",
          "responselike": "responselike@2.0.1"
        }
      },
      "call-bind@1.0.2": {
        "integrity": "sha512-7O+FbCihrB5WGbFYesctwmTKae6rOiIzmz1icreWJ+0aA7LJfuqhEso2T9ncpcFtzMQtzXf2QGGueWJGTYsqrA==",
        "dependencies": {
          "function-bind": "function-bind@1.1.1",
          "get-intrinsic": "get-intrinsic@1.1.3"
        }
      },
      "clone-response@1.0.3": {
        "integrity": "sha512-ROoL94jJH2dUVML2Y/5PEDNaSHgeOdSDicUyS7izcF63G6sTc/FTjLub4b8Il9S8S0beOfYt0TaA5qvFK+w0wA==",
        "dependencies": { "mimic-response": "mimic-response@1.0.1" }
      },
      "combined-stream@1.0.8": {
        "integrity": "sha512-FQN4MRfuJeHf7cBbBMJFXhKSDq+2kAArBlmRBvcvFE5BB1HZKXtSFASDhdlz9zOYwxh8lDdnvmMOe/+5cdoEdg==",
        "dependencies": { "delayed-stream": "delayed-stream@1.0.0" }
      },
      "decompress-response@6.0.0": {
        "integrity": "sha512-aW35yZM6Bb/4oJlZncMH2LCoZtJXTRxES17vE3hoRiowU2kWHaJKFkSBDnDR+cm9J+9QhXmREyIfv0pji9ejCQ==",
        "dependencies": { "mimic-response": "mimic-response@3.1.0" }
      },
      "deep-equal@1.1.1": {
        "integrity": "sha512-yd9c5AdiqVcR+JjcwUQb9DkhJc8ngNr0MahEBGvDiJw8puWab2yZlh+nkasOnZP+EGTAP6rRp2JzJhJZzvNF8g==",
        "dependencies": {
          "is-arguments": "is-arguments@1.1.1",
          "is-date-object": "is-date-object@1.0.5",
          "is-regex": "is-regex@1.1.4",
          "object-is": "object-is@1.1.5",
          "object-keys": "object-keys@1.1.1",
          "regexp.prototype.flags": "regexp.prototype.flags@1.4.3"
        }
      },
      "defer-to-connect@2.0.1": {
        "integrity": "sha512-4tvttepXG1VaYGrRibk5EwJd1t4udunSOVMdLSAL6mId1ix438oPwPZMALY41FCijukO1L0twNcGsdzS7dHgDg==",
        "dependencies": {}
      },
      "define-properties@1.1.4": {
        "integrity": "sha512-uckOqKcfaVvtBdsVkdPv3XjveQJsNQqmhXgRi8uhvWWuPYZCNlzT8qAyblUgNoXdHdjMTzAqeGjAoli8f+bzPA==",
        "dependencies": {
          "has-property-descriptors": "has-property-descriptors@1.0.0",
          "object-keys": "object-keys@1.1.1"
        }
      },
      "delayed-stream@1.0.0": {
        "integrity": "sha512-ZySD7Nf91aLB0RxL4KGrKHBXl7Eds1DAmEdcoVawXnLD7SDhpNgtuII2aAkg7a7QS41jxPSZ17p4VdGnMHk3MQ==",
        "dependencies": {}
      },
      "end-of-stream@1.4.4": {
        "integrity": "sha512-+uw1inIHVPQoaVuHzRyXd21icM+cnt4CzD5rW+NC1wjOUSTOs+Te7FOv7AhN7vS9x/oIyhLP5PR1H+phQAHu5Q==",
        "dependencies": { "once": "once@1.4.0" }
      },
      "eventsource@1.1.2": {
        "integrity": "sha512-xAH3zWhgO2/3KIniEKYPr8plNSzlGINOUqYj0m0u7AB81iRw8b/3E73W6AuU+6klLbaSFmZnaETQ2lXPfAydrA==",
        "dependencies": {}
      },
      "eventsource@2.0.2": {
        "integrity": "sha512-IzUmBGPR3+oUG9dUeXynyNmf91/3zUSJg1lCktzKw47OXuhco54U3r9B7O4XX+Rb1Itm9OZ2b0RkTs10bICOxA==",
        "dependencies": {}
      },
      "form-data@4.0.0": {
        "integrity": "sha512-ETEklSGi5t0QMZuiXoA/Q6vcnxcLQP5vdugSpuAyi6SVGi2clPPp+xgEhuMaHC+zGgn31Kd235W35f7Hykkaww==",
        "dependencies": {
          "asynckit": "asynckit@0.4.0",
          "combined-stream": "combined-stream@1.0.8",
          "mime-types": "mime-types@2.1.35"
        }
      },
      "function-bind@1.1.1": {
        "integrity": "sha512-yIovAzMX49sF8Yl58fSCWJ5svSLuaibPxXQJFLmBObTuCr0Mf1KiPopGM9NiFjiYBCbfaa2Fh6breQ6ANVTI0A==",
        "dependencies": {}
      },
      "functions-have-names@1.2.3": {
        "integrity": "sha512-xckBUXyTIqT97tq2x2AMb+g163b5JFysYk0x4qxNFwbfQkmNZoiRHb6sPzI9/QV33WeuvVYBUIiD4NzNIyqaRQ==",
        "dependencies": {}
      },
      "get-intrinsic@1.1.3": {
        "integrity": "sha512-QJVz1Tj7MS099PevUG5jvnt9tSkXN8K14dxQlikJuPt4uD9hHAHjLyLBiLR5zELelBdD9QNRAXZzsJx0WaDL9A==",
        "dependencies": {
          "function-bind": "function-bind@1.1.1",
          "has": "has@1.0.3",
          "has-symbols": "has-symbols@1.0.3"
        }
      },
      "get-stream@5.2.0": {
        "integrity": "sha512-nBF+F1rAZVCu/p7rjzgA+Yb4lfYXrpl7a6VmJrU8wF9I1CKvP/QwPNZHnOlwbTkY6dvtFIzFMSyQXbLoTQPRpA==",
        "dependencies": { "pump": "pump@3.0.0" }
      },
      "got@11.8.5": {
        "integrity": "sha512-o0Je4NvQObAuZPHLFoRSkdG2lTgtcynqymzg2Vupdx6PorhaT5MCbIyXG6d4D94kk8ZG57QeosgdiqfJWhEhlQ==",
        "dependencies": {
          "@sindresorhus/is": "@sindresorhus/is@4.6.0",
          "@szmarczak/http-timer": "@szmarczak/http-timer@4.0.6",
          "@types/cacheable-request": "@types/cacheable-request@6.0.3",
          "@types/responselike": "@types/responselike@1.0.0",
          "cacheable-lookup": "cacheable-lookup@5.0.4",
          "cacheable-request": "cacheable-request@7.0.2",
          "decompress-response": "decompress-response@6.0.0",
          "http2-wrapper": "http2-wrapper@1.0.3",
          "lowercase-keys": "lowercase-keys@2.0.0",
          "p-cancelable": "p-cancelable@2.1.1",
          "responselike": "responselike@2.0.1"
        }
      },
      "has-property-descriptors@1.0.0": {
        "integrity": "sha512-62DVLZGoiEBDHQyqG4w9xCuZ7eJEwNmJRWw2VY84Oedb7WFcA27fiEVe8oUQx9hAUJ4ekurquucTGwsyO1XGdQ==",
        "dependencies": { "get-intrinsic": "get-intrinsic@1.1.3" }
      },
      "has-symbols@1.0.3": {
        "integrity": "sha512-l3LCuF6MgDNwTDKkdYGEihYjt5pRPbEg46rtlmnSPlUbgmB8LOIrKJbYYFBSbnPaJexMKtiPO8hmeRjRz2Td+A==",
        "dependencies": {}
      },
      "has-tostringtag@1.0.0": {
        "integrity": "sha512-kFjcSNhnlGV1kyoGk7OXKSawH5JOb/LzUc5w9B02hOTO0dfFRjbHQKvg1d6cf3HbeUmtU9VbbV3qzZ2Teh97WQ==",
        "dependencies": { "has-symbols": "has-symbols@1.0.3" }
      },
      "has@1.0.3": {
        "integrity": "sha512-f2dvO0VU6Oej7RkWJGrehjbzMAjFp5/VKPp5tTpWIV4JHHZK1/BxbFRtf/siA2SWTe09caDmVtYYzWEIbBS4zw==",
        "dependencies": { "function-bind": "function-bind@1.1.1" }
      },
      "http-cache-semantics@4.1.0": {
        "integrity": "sha512-carPklcUh7ROWRK7Cv27RPtdhYhUsela/ue5/jKzjegVvXDqM2ILE9Q2BGn9JZJh1g87cp56su/FgQSzcWS8cQ==",
        "dependencies": {}
      },
      "http2-wrapper@1.0.3": {
        "integrity": "sha512-V+23sDMr12Wnz7iTcDeJr3O6AIxlnvT/bmaAAAP/Xda35C90p9599p0F1eHR/N1KILWSoWVAiOMFjBBXaXSMxg==",
        "dependencies": {
          "quick-lru": "quick-lru@5.1.1",
          "resolve-alpn": "resolve-alpn@1.2.1"
        }
      },
      "is-arguments@1.1.1": {
        "integrity": "sha512-8Q7EARjzEnKpt/PCD7e1cgUS0a6X8u5tdSiMqXhojOdoV9TsMsiO+9VLC5vAmO8N7/GmXn7yjR8qnA6bVAEzfA==",
        "dependencies": {
          "call-bind": "call-bind@1.0.2",
          "has-tostringtag": "has-tostringtag@1.0.0"
        }
      },
      "is-date-object@1.0.5": {
        "integrity": "sha512-9YQaSxsAiSwcvS33MBk3wTCVnWK+HhF8VZR2jRxehM16QcVOdHqPn4VPHmRK4lSr38n9JriurInLcP90xsYNfQ==",
        "dependencies": { "has-tostringtag": "has-tostringtag@1.0.0" }
      },
      "is-regex@1.1.4": {
        "integrity": "sha512-kvRdxDsxZjhzUX07ZnLydzS1TU/TJlTUHHY4YLL87e37oUA49DfkLqgy+VjFocowy29cKvcSiu+kIv728jTTVg==",
        "dependencies": {
          "call-bind": "call-bind@1.0.2",
          "has-tostringtag": "has-tostringtag@1.0.0"
        }
      },
      "json-buffer@3.0.1": {
        "integrity": "sha512-4bV5BfR2mqfQTJm+V5tPPdf+ZpuhiIvTuAB5g8kcrXOZpTT/QwwVRWBywX1ozr6lEuPdbHxwaJlm9G6mI2sfSQ==",
        "dependencies": {}
      },
      "keyv@4.5.2": {
        "integrity": "sha512-5MHbFaKn8cNSmVW7BYnijeAVlE4cYA/SVkifVgrh7yotnfhKmjuXpDKjrABLnT0SfHWV21P8ow07OGfRrNDg8g==",
        "dependencies": { "json-buffer": "json-buffer@3.0.1" }
      },
      "lowercase-keys@2.0.0": {
        "integrity": "sha512-tqNXrS78oMOE73NMxK4EMLQsQowWf8jKooH9g7xPavRT706R6bkQJ6DY2Te7QukaZsulxa30wQ7bk0pm4XiHmA==",
        "dependencies": {}
      },
      "mendixmodelsdk@4.69.0": {
        "integrity": "sha512-1IfezZOT16jW//hatwCyv8sD/7p6YjWBbGI6SVBo5uz2Lx+vTUNoRtkVE9YpcUuyh4uq3VPoTk2QswfFYF9Erg==",
        "dependencies": {
          "@types/eventsource": "@types/eventsource@1.1.10",
          "deep-equal": "deep-equal@1.1.1",
          "eventsource": "eventsource@2.0.2",
          "form-data": "form-data@4.0.0",
          "got": "got@11.8.5",
          "mobx": "mobx@5.15.7",
          "uuid": "uuid@8.3.2",
          "wolfy87-eventemitter": "wolfy87-eventemitter@5.2.9"
        }
      },
      "mendixplatformsdk@5.1.1": {
        "integrity": "sha512-Kaeq6dqHJztkjO2KOXbbXprOGXe+N//zk4oHfplAyZ/CUHGgSPoF4f37i9mgKy5wVR5WXO+tmWAx/6erZ7TxZQ==",
        "dependencies": {
          "@types/eventsource": "@types/eventsource@1.1.10",
          "deep-equal": "deep-equal@1.1.1",
          "eventsource": "eventsource@1.1.2",
          "form-data": "form-data@4.0.0",
          "got": "got@11.8.5",
          "mendixmodelsdk": "mendixmodelsdk@4.69.0",
          "mobx": "mobx@5.15.7",
          "uuid": "uuid@8.3.2",
          "wolfy87-eventemitter": "wolfy87-eventemitter@5.2.9"
        }
      },
      "mime-db@1.52.0": {
        "integrity": "sha512-sPU4uV7dYlvtWJxwwxHD0PuihVNiE7TyAbQ5SWxDCB9mUYvOgroQOwYQQOKPJ8CIbE+1ETVlOoK1UC2nU3gYvg==",
        "dependencies": {}
      },
      "mime-types@2.1.35": {
        "integrity": "sha512-ZDY+bPm5zTTF+YpCrAU9nK0UgICYPT0QtT1NZWFv4s++TNkcgVaT0g6+4R2uI4MjQjzysHB1zxuWL50hzaeXiw==",
        "dependencies": { "mime-db": "mime-db@1.52.0" }
      },
      "mimic-response@1.0.1": {
        "integrity": "sha512-j5EctnkH7amfV/q5Hgmoal1g2QHFJRraOtmx0JpIqkxhBhI/lJSl1nMpQ45hVarwNETOoWEimndZ4QK0RHxuxQ==",
        "dependencies": {}
      },
      "mimic-response@3.1.0": {
        "integrity": "sha512-z0yWI+4FDrrweS8Zmt4Ej5HdJmky15+L2e6Wgn3+iK5fWzb6T3fhNFq2+MeTRb064c6Wr4N/wv0DzQTjNzHNGQ==",
        "dependencies": {}
      },
      "mobx@5.15.7": {
        "integrity": "sha512-wyM3FghTkhmC+hQjyPGGFdpehrcX1KOXsDuERhfK2YbJemkUhEB+6wzEN639T21onxlfYBmriA1PFnvxTUhcKw==",
        "dependencies": {}
      },
      "normalize-url@6.1.0": {
        "integrity": "sha512-DlL+XwOy3NxAQ8xuC0okPgK46iuVNAK01YN7RueYBqqFeGsBjV9XmCAzAdgt+667bCl5kPh9EqKKDwnaPG1I7A==",
        "dependencies": {}
      },
      "object-is@1.1.5": {
        "integrity": "sha512-3cyDsyHgtmi7I7DfSSI2LDp6SK2lwvtbg0p0R1e0RvTqF5ceGx+K2dfSjm1bKDMVCFEDAQvy+o8c6a7VujOddw==",
        "dependencies": {
          "call-bind": "call-bind@1.0.2",
          "define-properties": "define-properties@1.1.4"
        }
      },
      "object-keys@1.1.1": {
        "integrity": "sha512-NuAESUOUMrlIXOfHKzD6bpPu3tYt3xvjNdRIQ+FeT0lNb4K8WR70CaDxhuNguS2XG+GjkyMwOzsN5ZktImfhLA==",
        "dependencies": {}
      },
      "once@1.4.0": {
        "integrity": "sha512-lNaJgI+2Q5URQBkccEKHTQOPaXdUxnZZElQTZY0MFUAuaEqe1E+Nyvgdz/aIyNi6Z9MzO5dv1H8n58/GELp3+w==",
        "dependencies": { "wrappy": "wrappy@1.0.2" }
      },
      "p-cancelable@2.1.1": {
        "integrity": "sha512-BZOr3nRQHOntUjTrH8+Lh54smKHoHyur8We1V8DSMVrl5A2malOOwuJRnKRDjSnkoeBh4at6BwEnb5I7Jl31wg==",
        "dependencies": {}
      },
      "pump@3.0.0": {
        "integrity": "sha512-LwZy+p3SFs1Pytd/jYct4wpv49HiYCqd9Rlc5ZVdk0V+8Yzv6jR5Blk3TRmPL1ft69TxP0IMZGJ+WPFU2BFhww==",
        "dependencies": {
          "end-of-stream": "end-of-stream@1.4.4",
          "once": "once@1.4.0"
        }
      },
      "quick-lru@5.1.1": {
        "integrity": "sha512-WuyALRjWPDGtt/wzJiadO5AXY+8hZ80hVpe6MyivgraREW751X3SbhRvG3eLKOYN+8VEvqLcf3wdnt44Z4S4SA==",
        "dependencies": {}
      },
      "regexp.prototype.flags@1.4.3": {
        "integrity": "sha512-fjggEOO3slI6Wvgjwflkc4NFRCTZAu5CnNfBd5qOMYhWdn67nJBBu34/TkD++eeFmd8C9r9jfXJ27+nSiRkSUA==",
        "dependencies": {
          "call-bind": "call-bind@1.0.2",
          "define-properties": "define-properties@1.1.4",
          "functions-have-names": "functions-have-names@1.2.3"
        }
      },
      "resolve-alpn@1.2.1": {
        "integrity": "sha512-0a1F4l73/ZFZOakJnQ3FvkJ2+gSTQWz/r2KE5OdDY0TxPm5h4GkqkWWfM47T7HsbnOtcJVEF4epCVy6u7Q3K+g==",
        "dependencies": {}
      },
      "responselike@2.0.1": {
        "integrity": "sha512-4gl03wn3hj1HP3yzgdI7d3lCkF95F21Pz4BPGvKHinyQzALR5CapwC8yIi0Rh58DEMQ/SguC03wFj2k0M/mHhw==",
        "dependencies": { "lowercase-keys": "lowercase-keys@2.0.0" }
      },
      "uuid@8.3.2": {
        "integrity": "sha512-+NYs2QeMWy+GWFOEm9xnn6HCDp0l7QBD7ml8zLUmJ+93Q5NF0NocErnwkTkXVFNiX3/fpC6afS8Dhb/gz7R7eg==",
        "dependencies": {}
      },
      "wolfy87-eventemitter@5.2.9": {
        "integrity": "sha512-P+6vtWyuDw+MB01X7UeF8TaHBvbCovf4HPEMF/SV7BdDc1SMTiBy13SRD71lQh4ExFTG1d/WNzDGDCyOKSMblw==",
        "dependencies": {}
      },
      "wrappy@1.0.2": {
        "integrity": "sha512-l4Sp/DRseor9wL6EvV2+TuQn63dMkPjZ/sp9XkghTEbV9KlPS1xUsZ3u7/IQO4wxtcFB4bgpQPRcR3QCvezPcQ==",
        "dependencies": {}
      }
    }
  }
}
